// !$*UTF8*$!
{
	archiveVersion = 1;
	classes = {
	};
	objectVersion = 56;
	objects = {

/* Begin PBXBuildFile section */
		EDF049D7299D6BB900C0C7F8 /* M5L6ChallengeVideoPlayerApp.swift in Sources */ = {isa = PBXBuildFile; fileRef = EDF049D6299D6BB900C0C7F8 /* M5L6ChallengeVideoPlayerApp.swift */; };
		EDF049D9299D6BB900C0C7F8 /* ContentView.swift in Sources */ = {isa = PBXBuildFile; fileRef = EDF049D8299D6BB900C0C7F8 /* ContentView.swift */; };
		EDF049DB299D6BBC00C0C7F8 /* Assets.xcassets in Resources */ = {isa = PBXBuildFile; fileRef = EDF049DA299D6BBC00C0C7F8 /* Assets.xcassets */; };
		EDF049DE299D6BBC00C0C7F8 /* Preview Assets.xcassets in Resources */ = {isa = PBXBuildFile; fileRef = EDF049DD299D6BBC00C0C7F8 /* Preview Assets.xcassets */; };
		EDF049E6299D6BD600C0C7F8 /* AVKit.framework in Frameworks */ = {isa = PBXBuildFile; fileRef = EDF049E5299D6BD500C0C7F8 /* AVKit.framework */; };
		EDF049EB299D729E00C0C7F8 /* DescriptionText.swift in Sources */ = {isa = PBXBuildFile; fileRef = EDF049EA299D729E00C0C7F8 /* DescriptionText.swift */; };
		EDF049EF299D74F700C0C7F8 /* dogsAtPark.MOV in Resources */ = {isa = PBXBuildFile; fileRef = EDF049EE299D74F700C0C7F8 /* dogsAtPark.MOV */; };
/* End PBXBuildFile section */

/* Begin PBXFileReference section */
		EDF049D3299D6BB900C0C7F8 /* M5L6ChallengeVideoPlayer.app */ = {isa = PBXFileReference; explicitFileType = wrapper.application; includeInIndex = 0; path = M5L6ChallengeVideoPlayer.app; sourceTree = BUILT_PRODUCTS_DIR; };
		EDF049D6299D6BB900C0C7F8 /* M5L6ChallengeVideoPlayerApp.swift */ = {isa = PBXFileReference; lastKnownFileType = sourcecode.swift; path = M5L6ChallengeVideoPlayerApp.swift; sourceTree = "<group>"; };
		EDF049D8299D6BB900C0C7F8 /* ContentView.swift */ = {isa = PBXFileReference; lastKnownFileType = sourcecode.swift; path = ContentView.swift; sourceTree = "<group>"; };
		EDF049DA299D6BBC00C0C7F8 /* Assets.xcassets */ = {isa = PBXFileReference; lastKnownFileType = folder.assetcatalog; path = Assets.xcassets; sourceTree = "<group>"; };
		EDF049DD299D6BBC00C0C7F8 /* Preview Assets.xcassets */ = {isa = PBXFileReference; lastKnownFileType = folder.assetcatalog; path = "Preview Assets.xcassets"; sourceTree = "<group>"; };
		EDF049E5299D6BD500C0C7F8 /* AVKit.framework */ = {isa = PBXFileReference; lastKnownFileType = wrapper.framework; name = AVKit.framework; path = System/Library/Frameworks/AVKit.framework; sourceTree = SDKROOT; };
		EDF049EA299D729E00C0C7F8 /* DescriptionText.swift */ = {isa = PBXFileReference; lastKnownFileType = sourcecode.swift; path = DescriptionText.swift; sourceTree = "<group>"; };
		EDF049EE299D74F700C0C7F8 /* dogsAtPark.MOV */ = {isa = PBXFileReference; lastKnownFileType = video.quicktime; name = dogsAtPark.MOV; path = "../../../../iCloud Drive (Archive) - 1/Documents/Craig/dogsAtPark.MOV"; sourceTree = "<group>"; };
/* End PBXFileReference section */

/* Begin PBXFrameworksBuildPhase section */
		EDF049D0299D6BB900C0C7F8 /* Frameworks */ = {
			isa = PBXFrameworksBuildPhase;
			buildActionMask = 2147483647;
			files = (
				EDF049E6299D6BD600C0C7F8 /* AVKit.framework in Frameworks */,
			);
			runOnlyForDeploymentPostprocessing = 0;
		};
/* End PBXFrameworksBuildPhase section */

/* Begin PBXGroup section */
		EDF049CA299D6BB900C0C7F8 = {
			isa = PBXGroup;
			children = (
				EDF049D5299D6BB900C0C7F8 /* M5L6ChallengeVideoPlayer */,
				EDF049D4299D6BB900C0C7F8 /* Products */,
				EDF049E4299D6BD500C0C7F8 /* Frameworks */,
			);
			sourceTree = "<group>";
		};
		EDF049D4299D6BB900C0C7F8 /* Products */ = {
			isa = PBXGroup;
			children = (
				EDF049D3299D6BB900C0C7F8 /* M5L6ChallengeVideoPlayer.app */,
			);
			name = Products;
			sourceTree = "<group>";
		};
		EDF049D5299D6BB900C0C7F8 /* M5L6ChallengeVideoPlayer */ = {
			isa = PBXGroup;
			children = (
				EDF049EE299D74F700C0C7F8 /* dogsAtPark.MOV */,
				EDF049D6299D6BB900C0C7F8 /* M5L6ChallengeVideoPlayerApp.swift */,
				EDF049D8299D6BB900C0C7F8 /* ContentView.swift */,
				EDF049DA299D6BBC00C0C7F8 /* Assets.xcassets */,
				EDF049DC299D6BBC00C0C7F8 /* Preview Content */,
				EDF049EA299D729E00C0C7F8 /* DescriptionText.swift */,
			);
			path = M5L6ChallengeVideoPlayer;
			sourceTree = "<group>";
		};
		EDF049DC299D6BBC00C0C7F8 /* Preview Content */ = {
			isa = PBXGroup;
			children = (
				EDF049DD299D6BBC00C0C7F8 /* Preview Assets.xcassets */,
			);
			path = "Preview Content";
			sourceTree = "<group>";
		};
		EDF049E4299D6BD500C0C7F8 /* Frameworks */ = {
			isa = PBXGroup;
			children = (
				EDF049E5299D6BD500C0C7F8 /* AVKit.framework */,
			);
			name = Frameworks;
			sourceTree = "<group>";
		};
/* End PBXGroup section */

/* Begin PBXNativeTarget section */
		EDF049D2299D6BB900C0C7F8 /* M5L6ChallengeVideoPlayer */ = {
			isa = PBXNativeTarget;
			buildConfigurationList = EDF049E1299D6BBC00C0C7F8 /* Build configuration list for PBXNativeTarget "M5L6ChallengeVideoPlayer" */;
			buildPhases = (
				EDF049CF299D6BB900C0C7F8 /* Sources */,
				EDF049D0299D6BB900C0C7F8 /* Frameworks */,
				EDF049D1299D6BB900C0C7F8 /* Resources */,
			);
			buildRules = (
			);
			dependencies = (
			);
			name = M5L6ChallengeVideoPlayer;
			productName = M5L6ChallengeVideoPlayer;
			productReference = EDF049D3299D6BB900C0C7F8 /* M5L6ChallengeVideoPlayer.app */;
			productType = "com.apple.product-type.application";
		};
/* End PBXNativeTarget section */

/* Begin PBXProject section */
		EDF049CB299D6BB900C0C7F8 /* Project object */ = {
			isa = PBXProject;
			attributes = {
				BuildIndependentTargetsInParallel = 1;
				LastSwiftUpdateCheck = 1420;
				LastUpgradeCheck = 1420;
				TargetAttributes = {
					EDF049D2299D6BB900C0C7F8 = {
						CreatedOnToolsVersion = 14.2;
					};
				};
			};
			buildConfigurationList = EDF049CE299D6BB900C0C7F8 /* Build configuration list for PBXProject "M5L6ChallengeVideoPlayer" */;
			compatibilityVersion = "Xcode 14.0";
			developmentRegion = en;
			hasScannedForEncodings = 0;
			knownRegions = (
				en,
				Base,
			);
			mainGroup = EDF049CA299D6BB900C0C7F8;
			productRefGroup = EDF049D4299D6BB900C0C7F8 /* Products */;
			projectDirPath = "";
			projectRoot = "";
			targets = (
				EDF049D2299D6BB900C0C7F8 /* M5L6ChallengeVideoPlayer */,
			);
		};
/* End PBXProject section */

/* Begin PBXResourcesBuildPhase section */
		EDF049D1299D6BB900C0C7F8 /* Resources */ = {
			isa = PBXResourcesBuildPhase;
			buildActionMask = 2147483647;
			files = (
				EDF049DE299D6BBC00C0C7F8 /* Preview Assets.xcassets in Resources */,
				EDF049EF299D74F700C0C7F8 /* dogsAtPark.MOV in Resources */,
				EDF049DB299D6BBC00C0C7F8 /* Assets.xcassets in Resources */,
			);
			runOnlyForDeploymentPostprocessing = 0;
		};
/* End PBXResourcesBuildPhase section */

/* Begin PBXSourcesBuildPhase section */
		EDF049CF299D6BB900C0C7F8 /* Sources */ = {
			isa = PBXSourcesBuildPhase;
			buildActionMask = 2147483647;
			files = (
				EDF049D9299D6BB900C0C7F8 /* ContentView.swift in Sources */,
				EDF049D7299D6BB900C0C7F8 /* M5L6ChallengeVideoPlayerApp.swift in Sources */,
				EDF049EB299D729E00C0C7F8 /* DescriptionText.swift in Sources */,
			);
			runOnlyForDeploymentPostprocessing = 0;
		};
/* End PBXSourcesBuildPhase section */

/* Begin XCBuildConfiguration section */
		EDF049DF299D6BBC00C0C7F8 /* Debug */ = {
			isa = XCBuildConfiguration;
			buildSettings = {
				ALWAYS_SEARCH_USER_PATHS = NO;
				CLANG_ANALYZER_NONNULL = YES;
				CLANG_ANALYZER_NUMBER_OBJECT_CONVERSION = YES_AGGRESSIVE;
				CLANG_CXX_LANGUAGE_STANDARD = "gnu++20";
				CLANG_ENABLE_MODULES = YES;
				CLANG_ENABLE_OBJC_ARC = YES;
				CLANG_ENABLE_OBJC_WEAK = YES;
				CLANG_WARN_BLOCK_CAPTURE_AUTORELEASING = YES;
				CLANG_WARN_BOOL_CONVERSION = YES;
				CLANG_WARN_COMMA = YES;
				CLANG_WARN_CONSTANT_CONVERSION = YES;
				CLANG_WARN_DEPRECATED_OBJC_IMPLEMENTATIONS = YES;
				CLANG_WARN_DIRECT_OBJC_ISA_USAGE = YES_ERROR;
				CLANG_WARN_DOCUMENTATION_COMMENTS = YES;
				CLANG_WARN_EMPTY_BODY = YES;
				CLANG_WARN_ENUM_CONVERSION = YES;
				CLANG_WARN_INFINITE_RECURSION = YES;
				CLANG_WARN_INT_CONVERSION = YES;
				CLANG_WARN_NON_LITERAL_NULL_CONVERSION = YES;
				CLANG_WARN_OBJC_IMPLICIT_RETAIN_SELF = YES;
				CLANG_WARN_OBJC_LITERAL_CONVERSION = YES;
				CLANG_WARN_OBJC_ROOT_CLASS = YES_ERROR;
				CLANG_WARN_QUOTED_INCLUDE_IN_FRAMEWORK_HEADER = YES;
				CLANG_WARN_RANGE_LOOP_ANALYSIS = YES;
				CLANG_WARN_STRICT_PROTOTYPES = YES;
				CLANG_WARN_SUSPICIOUS_MOVE = YES;
				CLANG_WARN_UNGUARDED_AVAILABILITY = YES_AGGRESSIVE;
				CLANG_WARN_UNREACHABLE_CODE = YES;
				CLANG_WARN__DUPLICATE_METHOD_MATCH = YES;
				COPY_PHASE_STRIP = NO;
				DEBUG_INFORMATION_FORMAT = dwarf;
				ENABLE_STRICT_OBJC_MSGSEND = YES;
				ENABLE_TESTABILITY = YES;
				GCC_C_LANGUAGE_STANDARD = gnu11;
				GCC_DYNAMIC_NO_PIC = NO;
				GCC_NO_COMMON_BLOCKS = YES;
				GCC_OPTIMIZATION_LEVEL = 0;
				GCC_PREPROCESSOR_DEFINITIONS = (
					"DEBUG=1",
					"$(inherited)",
				);
				GCC_WARN_64_TO_32_BIT_CONVERSION = YES;
				GCC_WARN_ABOUT_RETURN_TYPE = YES_ERROR;
				GCC_WARN_UNDECLARED_SELECTOR = YES;
				GCC_WARN_UNINITIALIZED_AUTOS = YES_AGGRESSIVE;
				GCC_WARN_UNUSED_FUNCTION = YES;
				GCC_WARN_UNUSED_VARIABLE = YES;
				IPHONEOS_DEPLOYMENT_TARGET = 16.2;
				MTL_ENABLE_DEBUG_INFO = INCLUDE_SOURCE;
				MTL_FAST_MATH = YES;
				ONLY_ACTIVE_ARCH = YES;
				SDKROOT = iphoneos;
				SWIFT_ACTIVE_COMPILATION_CONDITIONS = DEBUG;
				SWIFT_OPTIMIZATION_LEVEL = "-Onone";
			};
			name = Debug;
		};
		EDF049E0299D6BBC00C0C7F8 /* Release */ = {
			isa = XCBuildConfiguration;
			buildSettings = {
				ALWAYS_SEARCH_USER_PATHS = NO;
				CLANG_ANALYZER_NONNULL = YES;
				CLANG_ANALYZER_NUMBER_OBJECT_CONVERSION = YES_AGGRESSIVE;
				CLANG_CXX_LANGUAGE_STANDARD = "gnu++20";
				CLANG_ENABLE_MODULES = YES;
				CLANG_ENABLE_OBJC_ARC = YES;
				CLANG_ENABLE_OBJC_WEAK = YES;
				CLANG_WARN_BLOCK_CAPTURE_AUTORELEASING = YES;
				CLANG_WARN_BOOL_CONVERSION = YES;
				CLANG_WARN_COMMA = YES;
				CLANG_WARN_CONSTANT_CONVERSION = YES;
				CLANG_WARN_DEPRECATED_OBJC_IMPLEMENTATIONS = YES;
				CLANG_WARN_DIRECT_OBJC_ISA_USAGE = YES_ERROR;
				CLANG_WARN_DOCUMENTATION_COMMENTS = YES;
				CLANG_WARN_EMPTY_BODY = YES;
				CLANG_WARN_ENUM_CONVERSION = YES;
				CLANG_WARN_INFINITE_RECURSION = YES;
				CLANG_WARN_INT_CONVERSION = YES;
				CLANG_WARN_NON_LITERAL_NULL_CONVERSION = YES;
				CLANG_WARN_OBJC_IMPLICIT_RETAIN_SELF = YES;
				CLANG_WARN_OBJC_LITERAL_CONVERSION = YES;
				CLANG_WARN_OBJC_ROOT_CLASS = YES_ERROR;
				CLANG_WARN_QUOTED_INCLUDE_IN_FRAMEWORK_HEADER = YES;
				CLANG_WARN_RANGE_LOOP_ANALYSIS = YES;
				CLANG_WARN_STRICT_PROTOTYPES = YES;
				CLANG_WARN_SUSPICIOUS_MOVE = YES;
				CLANG_WARN_UNGUARDED_AVAILABILITY = YES_AGGRESSIVE;
				CLANG_WARN_UNREACHABLE_CODE = YES;
				CLANG_WARN__DUPLICATE_METHOD_MATCH = YES;
				COPY_PHASE_STRIP = NO;
				DEBUG_INFORMATION_FORMAT = "dwarf-with-dsym";
				ENABLE_NS_ASSERTIONS = NO;
				ENABLE_STRICT_OBJC_MSGSEND = YES;
				GCC_C_LANGUAGE_STANDARD = gnu11;
				GCC_NO_COMMON_BLOCKS = YES;
				GCC_WARN_64_TO_32_BIT_CONVERSION = YES;
				GCC_WARN_ABOUT_RETURN_TYPE = YES_ERROR;
				GCC_WARN_UNDECLARED_SELECTOR = YES;
				GCC_WARN_UNINITIALIZED_AUTOS = YES_AGGRESSIVE;
				GCC_WARN_UNUSED_FUNCTION = YES;
				GCC_WARN_UNUSED_VARIABLE = YES;
				IPHONEOS_DEPLOYMENT_TARGET = 16.2;
				MTL_ENABLE_DEBUG_INFO = NO;
				MTL_FAST_MATH = YES;
				SDKROOT = iphoneos;
				SWIFT_COMPILATION_MODE = wholemodule;
				SWIFT_OPTIMIZATION_LEVEL = "-O";
				VALIDATE_PRODUCT = YES;
			};
			name = Release;
		};
		EDF049E2299D6BBC00C0C7F8 /* Debug */ = {
			isa = XCBuildConfiguration;
			buildSettings = {
				ASSETCATALOG_COMPILER_APPICON_NAME = AppIcon;
				ASSETCATALOG_COMPILER_GLOBAL_ACCENT_COLOR_NAME = AccentColor;
				CODE_SIGN_STYLE = Automatic;
				CURRENT_PROJECT_VERSION = 1;
				DEVELOPMENT_ASSET_PATHS = "\"M5L6ChallengeVideoPlayer/Preview Content\"";
				DEVELOPMENT_TEAM = 3UGUE4KHSL;
				ENABLE_PREVIEWS = YES;
				GENERATE_INFOPLIST_FILE = YES;
				INFOPLIST_KEY_UIApplicationSceneManifest_Generation = YES;
				INFOPLIST_KEY_UIApplicationSupportsIndirectInputEvents = YES;
				INFOPLIST_KEY_UILaunchScreen_Generation = YES;
				INFOPLIST_KEY_UISupportedInterfaceOrientations_iPad = "UIInterfaceOrientationPortrait UIInterfaceOrientationPortraitUpsideDown UIInterfaceOrientationLandscapeLeft UIInterfaceOrientationLandscapeRight";
				INFOPLIST_KEY_UISupportedInterfaceOrientations_iPhone = "UIInterfaceOrientationPortrait UIInterfaceOrientationLandscapeLeft UIInterfaceOrientationLandscapeRight";
				LD_RUNPATH_SEARCH_PATHS = (
					"$(inherited)",
					"@executable_path/Frameworks",
				);
				MARKETING_VERSION = 1.0;
				PRODUCT_BUNDLE_IDENTIFIER = com.CraigFalasco.M5L6ChallengeVideoPlayer;
				PRODUCT_NAME = "$(TARGET_NAME)";
				SWIFT_EMIT_LOC_STRINGS = YES;
				SWIFT_VERSION = 5.0;
				TARGETED_DEVICE_FAMILY = "1,2";
			};
			name = Debug;
		};
		EDF049E3299D6BBC00C0C7F8 /* Release */ = {
			isa = XCBuildConfiguration;
			buildSettings = {
				ASSETCATALOG_COMPILER_APPICON_NAME = AppIcon;
				ASSETCATALOG_COMPILER_GLOBAL_ACCENT_COLOR_NAME = AccentColor;
				CODE_SIGN_STYLE = Automatic;
				CURRENT_PROJECT_VERSION = 1;
				DEVELOPMENT_ASSET_PATHS = "\"M5L6ChallengeVideoPlayer/Preview Content\"";
				DEVELOPMENT_TEAM = 3UGUE4KHSL;
				ENABLE_PREVIEWS = YES;
				GENERATE_INFOPLIST_FILE = YES;
				INFOPLIST_KEY_UIApplicationSceneManifest_Generation = YES;
				INFOPLIST_KEY_UIApplicationSupportsIndirectInputEvents = YES;
				INFOPLIST_KEY_UILaunchScreen_Generation = YES;
				INFOPLIST_KEY_UISupportedInterfaceOrientations_iPad = "UIInterfaceOrientationPortrait UIInterfaceOrientationPortraitUpsideDown UIInterfaceOrientationLandscapeLeft UIInterfaceOrientationLandscapeRight";
				INFOPLIST_KEY_UISupportedInterfaceOrientations_iPhone = "UIInterfaceOrientationPortrait UIInterfaceOrientationLandscapeLeft UIInterfaceOrientationLandscapeRight";
				LD_RUNPATH_SEARCH_PATHS = (
					"$(inherited)",
					"@executable_path/Frameworks",
				);
				MARKETING_VERSION = 1.0;
				PRODUCT_BUNDLE_IDENTIFIER = com.CraigFalasco.M5L6ChallengeVideoPlayer;
				PRODUCT_NAME = "$(TARGET_NAME)";
				SWIFT_EMIT_LOC_STRINGS = YES;
				SWIFT_VERSION = 5.0;
				TARGETED_DEVICE_FAMILY = "1,2";
			};
			name = Release;
		};
/* End XCBuildConfiguration section */

/* Begin XCConfigurationList section */
		EDF049CE299D6BB900C0C7F8 /* Build configuration list for PBXProject "M5L6ChallengeVideoPlayer" */ = {
			isa = XCConfigurationList;
			buildConfigurations = (
				EDF049DF299D6BBC00C0C7F8 /* Debug */,
				EDF049E0299D6BBC00C0C7F8 /* Release */,
			);
			defaultConfigurationIsVisible = 0;
			defaultConfigurationName = Release;
		};
		EDF049E1299D6BBC00C0C7F8 /* Build configuration list for PBXNativeTarget "M5L6ChallengeVideoPlayer" */ = {
			isa = XCConfigurationList;
			buildConfigurations = (
				EDF049E2299D6BBC00C0C7F8 /* Debug */,
				EDF049E3299D6BBC00C0C7F8 /* Release */,
			);
			defaultConfigurationIsVisible = 0;
			defaultConfigurationName = Release;
		};
/* End XCConfigurationList section */
	};
	rootObject = EDF049CB299D6BB900C0C7F8 /* Project object */;
}
